// !$*UTF8*$!
{
	archiveVersion = 1;
	classes = {
	};
	objectVersion = 46;
	objects = {

		B003460B11C0B7C1CC07E666 = {isa = PBXBuildFile; fileRef = 0926E36205F4D676343AB6E7; };
		8265E59547F2C5DDD10F58BF = {isa = PBXBuildFile; fileRef = 682D51082D9FE9859F364A10; };
		E32999B782F688D3746FEB08 = {isa = PBXBuildFile; fileRef = 9EC0C4C02099C656EEF39DA9; };
		0926E36205F4D676343AB6E7 = {isa = PBXFileReference; lastKnownFileType = file.nib; name = RecentFilesMenuTemplate.nib; path = RecentFilesMenuTemplate.nib; sourceTree = "SOURCE_ROOT"; };
		2D799F4BCA83847DEACB505D = {isa = PBXFileReference; lastKnownFileType = text.plist.xml; name = Info.plist; path = Info.plist; sourceTree = "SOURCE_ROOT"; };
		63F8022F081E22DFFFCAC998 = {isa = PBXFileReference; explicitFileType = wrapper.cfbundle; includeInIndex = 0; path = JuceDemoPlugin.component; sourceTree = "BUILT_PRODUCTS_DIR"; };
		682D51082D9FE9859F364A10 = {isa = PBXFileReference; lastKnownFileType = sourcecode.cpp.cpp; name = PluginProcessor.cpp; path = ../../Source/PluginProcessor.cpp; sourceTree = "SOURCE_ROOT"; };
		750F3B1989AEC12FF245BE70 = {isa = PBXFileReference; lastKnownFileType = sourcecode.c.h; name = PluginEditor.h; path = ../../Source/PluginEditor.h; sourceTree = "SOURCE_ROOT"; };
		844343AA474A10F4CD613ACF = {isa = PBXFileReference; lastKnownFileType = sourcecode.c.h; name = AppConfig.h; path = ../../JuceLibraryCode/AppConfig.h; sourceTree = "SOURCE_ROOT"; };
		8FB68CA43E49DD39E013DB82 = {isa = PBXFileReference; lastKnownFileType = sourcecode.c.h; name = JuceHeader.h; path = ../../JuceLibraryCode/JuceHeader.h; sourceTree = "SOURCE_ROOT"; };
		9EC0C4C02099C656EEF39DA9 = {isa = PBXFileReference; lastKnownFileType = sourcecode.cpp.cpp; name = PluginEditor.cpp; path = ../../Source/PluginEditor.cpp; sourceTree = "SOURCE_ROOT"; };
		C4CA0BF69BD074C55F7BD871 = {isa = PBXFileReference; lastKnownFileType = sourcecode.c.h; name = PluginProcessor.h; path = ../../Source/PluginProcessor.h; sourceTree = "SOURCE_ROOT"; };
		F4E255C7FF120419035C8CBE = {isa = PBXGroup; children = (
					682D51082D9FE9859F364A10,
					C4CA0BF69BD074C55F7BD871,
					9EC0C4C02099C656EEF39DA9,
					750F3B1989AEC12FF245BE70, ); name = JuceDemoPlugin; sourceTree = "<group>"; };
		83470AD511CD6CC1E485F29B = {isa = PBXGroup; children = (
					844343AA474A10F4CD613ACF,
					8FB68CA43E49DD39E013DB82, ); name = "Juce Library Code"; sourceTree = "<group>"; };
		239B4D5DE50B3B7A16114C15 = {isa = PBXGroup; children = (
					2D799F4BCA83847DEACB505D,
					0926E36205F4D676343AB6E7, ); name = Resources; sourceTree = "<group>"; };
		7EA0AEAFB626CDF5E0038ED5 = {isa = PBXGroup; children = (  ); name = Frameworks; sourceTree = "<group>"; };
		227AE5B2ACBB7881D9552404 = {isa = PBXGroup; children = (
					63F8022F081E22DFFFCAC998, ); name = Products; sourceTree = "<group>"; };
		4074359E1E7C4D54E87C3461 = {isa = PBXGroup; children = (
					F4E255C7FF120419035C8CBE,
					83470AD511CD6CC1E485F29B,
					239B4D5DE50B3B7A16114C15,
					7EA0AEAFB626CDF5E0038ED5,
					227AE5B2ACBB7881D9552404, ); name = Source; sourceTree = "<group>"; };
		77D1D11FAA110A1B1F960A8F = {isa = XCBuildConfiguration; buildSettings = {
				ARCHS = "$(ARCHS_STANDARD_32_64_BIT)";
				CLANG_CXX_LANGUAGE_STANDARD = "c++0x";
				CLANG_LINK_OBJC_RUNTIME = NO;
				COMBINE_HIDPI_IMAGES = YES;
				CONFIGURATION_BUILD_DIR = "$(PROJECT_DIR)/build/$(CONFIGURATION)";
				COPY_PHASE_STRIP = NO;
				GCC_DYNAMIC_NO_PIC = NO;
				GCC_OPTIMIZATION_LEVEL = 0;
				GCC_PREPROCESSOR_DEFINITIONS = (
					"_DEBUG=1",
					"DEBUG=1",
					"JUCER_XCODE_MAC_F6D2F4CF=1",
					"JUCE_APP_VERSION=1.0.0",
					"JUCE_APP_VERSION_HEX=0x10000", );
				GCC_VERSION = com.apple.compilers.llvm.clang.1_0;
				GENERATE_PKGINFO_FILE = YES;
				HEADER_SEARCH_PATHS = ("../../JuceLibraryCode", "$(inherited)");
				INFOPLIST_FILE = Info.plist;
				INSTALL_PATH = "$(HOME)/Library/Audio/Plug-Ins/Components/";
				LIBRARY_STYLE = Bundle;
				MACOSX_DEPLOYMENT_TARGET_ppc = 10.4;
				OTHER_LDFLAGS = "-bundle";
				OTHER_REZFLAGS = "-d ppc_$ppc -d i386_$i386 -d ppc64_$ppc64 -d x86_64_$x86_64 -I /System/Library/Frameworks/CoreServices.framework/Frameworks/CarbonCore.framework/Versions/A/Headers -I \"$(DEVELOPER_DIR)/Extras/CoreAudio/AudioUnits/AUPublic/AUBase\"";
				SDKROOT_ppc = macosx10.5;
				WRAPPER_EXTENSION = component; }; name = Debug; };
		76082281008CF5F891C856DA = {isa = XCBuildConfiguration; buildSettings = {
				ARCHS = "$(ARCHS_STANDARD_32_64_BIT)";
				CLANG_CXX_LANGUAGE_STANDARD = "c++0x";
				CLANG_LINK_OBJC_RUNTIME = NO;
				COMBINE_HIDPI_IMAGES = YES;
				CONFIGURATION_BUILD_DIR = "$(PROJECT_DIR)/build/$(CONFIGURATION)";
				DEAD_CODE_STRIPPING = YES;
				GCC_GENERATE_DEBUGGING_SYMBOLS = NO;
				GCC_OPTIMIZATION_LEVEL = s;
				GCC_PREPROCESSOR_DEFINITIONS = (
					"_NDEBUG=1",
					"NDEBUG=1",
					"JUCER_XCODE_MAC_F6D2F4CF=1",
					"JUCE_APP_VERSION=1.0.0",
					"JUCE_APP_VERSION_HEX=0x10000", );
				GCC_SYMBOLS_PRIVATE_EXTERN = YES;
				GCC_VERSION = com.apple.compilers.llvm.clang.1_0;
				GENERATE_PKGINFO_FILE = YES;
				HEADER_SEARCH_PATHS = ("../../JuceLibraryCode", "$(inherited)");
				INFOPLIST_FILE = Info.plist;
				INSTALL_PATH = "$(HOME)/Library/Audio/Plug-Ins/Components/";
				LIBRARY_STYLE = Bundle;
				MACOSX_DEPLOYMENT_TARGET_ppc = 10.4;
				OTHER_LDFLAGS = "-bundle";
				OTHER_REZFLAGS = "-d ppc_$ppc -d i386_$i386 -d ppc64_$ppc64 -d x86_64_$x86_64 -I /System/Library/Frameworks/CoreServices.framework/Frameworks/CarbonCore.framework/Versions/A/Headers -I \"$(DEVELOPER_DIR)/Extras/CoreAudio/AudioUnits/AUPublic/AUBase\"";
				SDKROOT_ppc = macosx10.5;
				WRAPPER_EXTENSION = component; }; name = Release; };
		6758D5C5D24024DB6F83E78F = {isa = XCBuildConfiguration; buildSettings = {
				ALWAYS_SEARCH_USER_PATHS = NO;
				DEBUG_INFORMATION_FORMAT = "dwarf";
				GCC_C_LANGUAGE_STANDARD = c99;
				GCC_INLINES_ARE_PRIVATE_EXTERN = YES;
				GCC_MODEL_TUNING = G5;
				GCC_WARN_ABOUT_RETURN_TYPE = YES;
				GCC_WARN_CHECK_SWITCH_STATEMENTS = YES;
				GCC_WARN_MISSING_PARENTHESES = YES;
				GCC_WARN_NON_VIRTUAL_DESTRUCTOR = YES;
				GCC_WARN_TYPECHECK_CALLS_TO_PRINTF = YES;
				GCC_WARN_UNUSED_VARIABLE = YES;
				PRODUCT_NAME = "JuceDemoPlugin";
				WARNING_CFLAGS = -Wreorder;
				ZERO_LINK = NO; }; name = Debug; };
		FDD382CE3C754F66D9DB396A = {isa = XCBuildConfiguration; buildSettings = {
				ALWAYS_SEARCH_USER_PATHS = NO;
				DEBUG_INFORMATION_FORMAT = "dwarf";
				GCC_C_LANGUAGE_STANDARD = c99;
				GCC_INLINES_ARE_PRIVATE_EXTERN = YES;
				GCC_MODEL_TUNING = G5;
				GCC_WARN_ABOUT_RETURN_TYPE = YES;
				GCC_WARN_CHECK_SWITCH_STATEMENTS = YES;
				GCC_WARN_MISSING_PARENTHESES = YES;
				GCC_WARN_NON_VIRTUAL_DESTRUCTOR = YES;
				GCC_WARN_TYPECHECK_CALLS_TO_PRINTF = YES;
				GCC_WARN_UNUSED_VARIABLE = YES;
				PRODUCT_NAME = "JuceDemoPlugin";
				WARNING_CFLAGS = -Wreorder;
				ZERO_LINK = NO; }; name = Release; };
		0720B453F376663EAB98BF9B = {isa = XCConfigurationList; buildConfigurations = (
					6758D5C5D24024DB6F83E78F,
					FDD382CE3C754F66D9DB396A, ); defaultConfigurationIsVisible = 0; defaultConfigurationName = Debug; };
		92D1022F6276146FC92B4442 = {isa = XCConfigurationList; buildConfigurations = (
					77D1D11FAA110A1B1F960A8F,
					76082281008CF5F891C856DA, ); defaultConfigurationIsVisible = 0; defaultConfigurationName = Debug; };
		0D832C784AB07BFDE57BCB92 = {isa = PBXResourcesBuildPhase; buildActionMask = 2147483647; files = (
					B003460B11C0B7C1CC07E666, ); runOnlyForDeploymentPostprocessing = 0; };
		E032EB514708440DE9B7FF2A = {isa = PBXSourcesBuildPhase; buildActionMask = 2147483647; files = (
					8265E59547F2C5DDD10F58BF,
					E32999B782F688D3746FEB08, ); runOnlyForDeploymentPostprocessing = 0; };
		95E57A758351FE57067B605F = {isa = PBXFrameworksBuildPhase; buildActionMask = 2147483647; files = (  ); runOnlyForDeploymentPostprocessing = 0; };
		E277BCF6E051A6008DD74155 = {isa = PBXShellScriptBuildPhase; buildActionMask = 2147483647; files = (  ); runOnlyForDeploymentPostprocessing = 0; name = "Post-build script"; shellPath = /bin/sh; shellScript = "\n# This script takes the build product and copies it to the AU, VST, VST3, RTAS and AAX folders, depending on \n# which plugin types you've built\n\noriginal=$CONFIGURATION_BUILD_DIR/$FULL_PRODUCT_NAME\n\n# this looks inside the binary to detect which platforms are needed.. \ncopyAU=`nm -g \"$CONFIGURATION_BUILD_DIR/$EXECUTABLE_PATH\" | grep -i 'AudioUnit' | wc -l`\ncopyVST=`nm -g \"$CONFIGURATION_BUILD_DIR/$EXECUTABLE_PATH\" | grep -i 'VSTPlugin' | wc -l`\ncopyVST3=`nm -g \"$CONFIGURATION_BUILD_DIR/$EXECUTABLE_PATH\" | grep -i 'GetPluginFactory' | wc -l`\ncopyRTAS=`nm -g \"$CONFIGURATION_BUILD_DIR/$EXECUTABLE_PATH\" | grep -i 'CProcess' | wc -l`\ncopyAAX=`nm -g \"$CONFIGURATION_BUILD_DIR/$EXECUTABLE_PATH\" | grep -i 'ACFStartup' | wc -l`\n\nif [ $copyAU -gt 0 ]; then\n  echo \"Copying to AudioUnit folder...\"\n  AU=~/Library/Audio/Plug-Ins/Components/$PRODUCT_NAME.component\n  if [ -d \"$AU\" ]; then \n    rm -r \"$AU\"\n  fi\n\n  cp -r \"$original\" \"$AU\"\n  sed -i \"\" -e 's/TDMwPTul/BNDLPTul/g' \"$AU/Contents/PkgInfo\"\n  sed -i \"\" -e 's/TDMw/BNDL/g' \"$AU/Contents/$INFOPLIST_FILE\"\n\n  # Fix info.plist for AUs built with Xcode 3\n  if [ -f \"$DEVELOPER_DIR/Library/Developer/CoreAudio/AudioUnits/AUPublic/AUBase/AUPlugInDispatch.cpp\" ]; then\n    echo\n  else\n    echo \"Removing AudioComponents entry from Info.plist because this is not a new-format AU\"\n    /usr/libexec/PlistBuddy -c \"Delete AudioComponents\" \"$AU/Contents/Info.plist\"\n  fi\nfi\n\nif [ $copyVST -gt 0 ]; then\n  echo \"Copying to VST folder...\"\n  VST=~/Library/Audio/Plug-Ins/VST/$PRODUCT_NAME.vst\n  if [ -d \"$VST\" ]; then \n    rm -r \"$VST\"\n  fi\n\n  cp -r \"$original\" \"$VST\"\n  sed -i \"\" -e 's/TDMwPTul/BNDLPTul/g' \"$VST/Contents/PkgInfo\"\n  sed -i \"\" -e 's/TDMw/BNDL/g' \"$VST/Contents/$INFOPLIST_FILE\"\nfi\n\nif [ $copyVST3 -gt 0 ]; then\n  echo \"Copying to VST3 folder...\"\n  VST3=~/Library/Audio/Plug-Ins/VST3/$PRODUCT_NAME.vst3\n  if [ -d \"$VST3\" ]; then \n    rm -r \"$VST3\"\n  fi\n\n  cp -r \"$original\" \"$VST3\"\n  sed -i \"\" -e 's/TDMwPTul/BNDLPTul/g' \"$VST3/Contents/PkgInfo\"\n  sed -i \"\" -e 's/TDMw/BNDL/g' \"$VST3/Contents/$INFOPLIST_FILE\"\nfi\n\nif [ $copyRTAS -gt 0 ]; then\n  echo \"Copying to RTAS folder...\"\n  RTAS=/Library/Application\\ Support/Digidesign/Plug-Ins/$PRODUCT_NAME.dpm\n  if [ -d \"$RTAS\" ]; then\n    rm -r \"$RTAS\"\n  fi\n\n  cp -r \"$original\" \"$RTAS\"\nfi\n\nif [ $copyAAX -gt 0 ]; then\n  echo \"Copying to AAX folder...\"\n\n  if [ -d \"/Applications/ProTools_3PDev/Plug-Ins\" ]; then\n    AAX1=\"/Applications/ProTools_3PDev/Plug-Ins/$PRODUCT_NAME.aaxplugin\"\n\n    if [ -d \"$AAX1\" ]; then\n      rm -r \"$AAX1\"\n    fi\n\n    cp -r \"$original\" \"$AAX1\"\n  fi\n\n  if [ -d \"/Library/Application Support/Avid/Audio/Plug-Ins\" ]; then\n    AAX2=\"/Library/Application Support/Avid/Audio/Plug-Ins/$PRODUCT_NAME.aaxplugin\"\n\n    if [ -d \"$AAX2\" ]; then\n      rm -r \"$AAX2\"\n    fi\n\n    cp -r \"$original\" \"$AAX2\"\n  fi\nfi\n"; };
		27A65CD0B053616E226D4547 = {isa = PBXNativeTarget; buildConfigurationList = 92D1022F6276146FC92B4442; buildPhases = (
					0D832C784AB07BFDE57BCB92,
					E032EB514708440DE9B7FF2A,
					95E57A758351FE57067B605F,
					E277BCF6E051A6008DD74155, ); buildRules = ( ); dependencies = ( ); name = JuceDemoPlugin; productName = JuceDemoPlugin; productReference = 63F8022F081E22DFFFCAC998; productInstallPath = "$(HOME)/Library/Audio/Plug-Ins/Components/"; productType = "com.apple.product-type.bundle"; };
		85250052F3E019894332668E = {isa = PBXProject; buildConfigurationList = 0720B453F376663EAB98BF9B; attributes = { LastUpgradeCheck = 0440; }; compatibilityVersion = "Xcode 3.2"; hasScannedForEncodings = 0; mainGroup = 4074359E1E7C4D54E87C3461; projectDirPath = ""; projectRoot = ""; targets = ( 27A65CD0B053616E226D4547 ); };
	};
	rootObject = 85250052F3E019894332668E;
}
